
Microsoft Visual Studio Solution File, Format Version 12.00
# Visual Studio Version 17
VisualStudioVersion = 17.14.36414.22 d17.14
MinimumVisualStudioVersion = 10.0.40219.1
Project("{FAE04EC0-301F-11D3-BF4B-00C04F79EFBC}") = "InterOp.Server", "InterOp.Server\InterOp.Server.csproj", "{BB091B35-5778-4877-8278-89D3DFE74500}"
EndProject
Global
	GlobalSection(SolutionConfigurationPlatforms) = preSolution
		Debug|Any CPU = Debug|Any CPU
		Release|Any CPU = Release|Any CPU
	EndGlobalSection
	GlobalSection(ProjectConfigurationPlatforms) = postSolution
		{BB091B35-5778-4877-8278-89D3DFE74500}.Debug|Any CPU.ActiveCfg = Debug|Any CPU
		{BB091B35-5778-4877-8278-89D3DFE74500}.Debug|Any CPU.Build.0 = Debug|Any CPU
		{BB091B35-5778-4877-8278-89D3DFE74500}.Release|Any CPU.ActiveCfg = Release|Any CPU
		{BB091B35-5778-4877-8278-89D3DFE74500}.Release|Any CPU.Build.0 = Release|Any CPU
	EndGlobalSection
	GlobalSection(SolutionProperties) = preSolution
		HideSolutionNode = FALSE
	EndGlobalSection
	GlobalSection(ExtensibilityGlobals) = postSolution
		SolutionGuid = {C4EC0F88-AFD5-40EA-92C0-FB0F76BDE936}
	EndGlobalSection
EndGlobal
